
Microsoft Visual Studio Solution File, Format Version 12.00
# Visual Studio Version 17
VisualStudioVersion = 17.14.36212.18 d17.14
MinimumVisualStudioVersion = 10.0.40219.1
Project("{FAE04EC0-301F-11D3-BF4B-00C04F79EFBC}") = "Bai_2_Lab_10", "Bai_2_Lab_10\Bai_2_Lab_10.csproj", "{C0AEC8E9-3B47-48BC-AF17-E3E8410D296D}"
EndProject
Global
	GlobalSection(SolutionConfigurationPlatforms) = preSolution
		Debug|Any CPU = Debug|Any CPU
		Release|Any CPU = Release|Any CPU
	EndGlobalSection
	GlobalSection(ProjectConfigurationPlatforms) = postSolution
		{C0AEC8E9-3B47-48BC-AF17-E3E8410D296D}.Debug|Any CPU.ActiveCfg = Debug|Any CPU
		{C0AEC8E9-3B47-48BC-AF17-E3E8410D296D}.Debug|Any CPU.Build.0 = Debug|Any CPU
		{C0AEC8E9-3B47-48BC-AF17-E3E8410D296D}.Release|Any CPU.ActiveCfg = Release|Any CPU
		{C0AEC8E9-3B47-48BC-AF17-E3E8410D296D}.Release|Any CPU.Build.0 = Release|Any CPU
	EndGlobalSection
	GlobalSection(SolutionProperties) = preSolution
		HideSolutionNode = FALSE
	EndGlobalSection
	GlobalSection(ExtensibilityGlobals) = postSolution
		SolutionGuid = {2DE9C0E7-AE9D-4304-B72D-DF365CF484B4}
	EndGlobalSection
EndGlobal
