
Microsoft Visual Studio Solution File, Format Version 12.00
# Visual Studio Version 17
VisualStudioVersion = 17.13.35919.96 d17.13
MinimumVisualStudioVersion = 10.0.40219.1
Project("{FAE04EC0-301F-11D3-BF4B-00C04F79EFBC}") = "canbachamphanso", "canbachamphanso\canbachamphanso.csproj", "{D3AE790A-6A27-4F67-B3C2-F2DD4E67A7D0}"
EndProject
Global
	GlobalSection(SolutionConfigurationPlatforms) = preSolution
		Debug|Any CPU = Debug|Any CPU
		Release|Any CPU = Release|Any CPU
	EndGlobalSection
	GlobalSection(ProjectConfigurationPlatforms) = postSolution
		{D3AE790A-6A27-4F67-B3C2-F2DD4E67A7D0}.Debug|Any CPU.ActiveCfg = Debug|Any CPU
		{D3AE790A-6A27-4F67-B3C2-F2DD4E67A7D0}.Debug|Any CPU.Build.0 = Debug|Any CPU
		{D3AE790A-6A27-4F67-B3C2-F2DD4E67A7D0}.Release|Any CPU.ActiveCfg = Release|Any CPU
		{D3AE790A-6A27-4F67-B3C2-F2DD4E67A7D0}.Release|Any CPU.Build.0 = Release|Any CPU
	EndGlobalSection
	GlobalSection(SolutionProperties) = preSolution
		HideSolutionNode = FALSE
	EndGlobalSection
	GlobalSection(ExtensibilityGlobals) = postSolution
		SolutionGuid = {A6B2B853-558A-4CB7-99BD-D6D32D19CF84}
	EndGlobalSection
EndGlobal
